<?xml version="1.0" encoding="utf-8"?>
<Project ToolsVersion="4.0" xmlns="http://schemas.microsoft.com/developer/msbuild/2003">
  <ItemGroup>
    <Filter Include="소스 파일">
      <UniqueIdentifier>{4FC737F1-C7A5-4376-A066-2A32D752A2FF}</UniqueIdentifier>
      <Extensions>cpp;c;cc;cxx;c++;cppm;ixx;def;odl;idl;hpj;bat;asm;asmx</Extensions>
    </Filter>
    <Filter Include="헤더 파일">
      <UniqueIdentifier>{93995380-89BD-4b04-88EB-625FBE52EBFB}</UniqueIdentifier>
      <Extensions>h;hh;hpp;hxx;h++;hm;inl;inc;ipp;xsd</Extensions>
    </Filter>
    <Filter Include="리소스 파일">
      <UniqueIdentifier>{67DA6AB6-F800-4c08-8B7A-83BB121AAD01}</UniqueIdentifier>
      <Extensions>rc;ico;cur;bmp;dlg;rc2;rct;bin;rgs;gif;jpg;jpeg;jpe;resx;tiff;tif;png;wav;mfcribbon-ms</Extensions>
    </Filter>
  </ItemGroup>
  <ItemGroup>
    <ClCompile Include="1021.cpp">
      <Filter>소스 파일</Filter>
    </ClCompile>
    <ClCompile Include="1074.cpp">
      <Filter>소스 파일</Filter>
    </ClCompile>
    <ClCompile Include="1167.cpp">
      <Filter>소스 파일</Filter>
    </ClCompile>
    <ClCompile Include="1300.cpp">
      <Filter>소스 파일</Filter>
    </ClCompile>
    <ClCompile Include="1371.cpp">
      <Filter>소스 파일</Filter>
    </ClCompile>
    <ClCompile Include="1377.cpp">
      <Filter>소스 파일</Filter>
    </ClCompile>
    <ClCompile Include="1517.cpp">
      <Filter>소스 파일</Filter>
    </ClCompile>
    <ClCompile Include="1717.cpp">
      <Filter>소스 파일</Filter>
    </ClCompile>
    <ClCompile Include="1753.cpp">
      <Filter>소스 파일</Filter>
    </ClCompile>
    <ClCompile Include="1759.cpp">
      <Filter>소스 파일</Filter>
    </ClCompile>
    <ClCompile Include="1780.cpp">
      <Filter>소스 파일</Filter>
    </ClCompile>
    <ClCompile Include="1967.cpp">
      <Filter>소스 파일</Filter>
    </ClCompile>
    <ClCompile Include="1976.cpp">
      <Filter>소스 파일</Filter>
    </ClCompile>
    <ClCompile Include="1991.cpp">
      <Filter>소스 파일</Filter>
    </ClCompile>
    <ClCompile Include="2042.cpp">
      <Filter>소스 파일</Filter>
    </ClCompile>
    <ClCompile Include="2110.cpp">
      <Filter>소스 파일</Filter>
    </ClCompile>
    <ClCompile Include="2252.cpp">
      <Filter>소스 파일</Filter>
    </ClCompile>
    <ClCompile Include="2309.cpp">
      <Filter>소스 파일</Filter>
    </ClCompile>
    <ClCompile Include="2343.cpp">
      <Filter>소스 파일</Filter>
    </ClCompile>
    <ClCompile Include="2346.cpp">
      <Filter>소스 파일</Filter>
    </ClCompile>
    <ClCompile Include="2357.cpp">
      <Filter>소스 파일</Filter>
    </ClCompile>
    <ClCompile Include="2447.cpp">
      <Filter>소스 파일</Filter>
    </ClCompile>
    <ClCompile Include="2501.cpp">
      <Filter>소스 파일</Filter>
    </ClCompile>
    <ClCompile Include="2580.cpp">
      <Filter>소스 파일</Filter>
    </ClCompile>
    <ClCompile Include="4195cpp.cpp">
      <Filter>소스 파일</Filter>
    </ClCompile>
    <ClCompile Include="4597.cpp">
      <Filter>소스 파일</Filter>
    </ClCompile>
    <ClCompile Include="5893.cpp">
      <Filter>소스 파일</Filter>
    </ClCompile>
    <ClCompile Include="6810.cpp">
      <Filter>소스 파일</Filter>
    </ClCompile>
    <ClCompile Include="7576.cpp">
      <Filter>소스 파일</Filter>
    </ClCompile>
    <ClCompile Include="9177.cpp">
      <Filter>소스 파일</Filter>
    </ClCompile>
    <ClCompile Include="9663.cpp">
      <Filter>소스 파일</Filter>
    </ClCompile>
    <ClCompile Include="10974.cpp">
      <Filter>소스 파일</Filter>
    </ClCompile>
    <ClCompile Include="11053.cpp">
      <Filter>소스 파일</Filter>
    </ClCompile>
    <ClCompile Include="11054.cpp">
      <Filter>소스 파일</Filter>
    </ClCompile>
    <ClCompile Include="11055.cpp">
      <Filter>소스 파일</Filter>
    </ClCompile>
    <ClCompile Include="11404.cpp">
      <Filter>소스 파일</Filter>
    </ClCompile>
    <ClCompile Include="11505.cpp">
      <Filter>소스 파일</Filter>
    </ClCompile>
    <ClCompile Include="11657.cpp">
      <Filter>소스 파일</Filter>
    </ClCompile>
    <ClCompile Include="11659.cpp">
      <Filter>소스 파일</Filter>
    </ClCompile>
    <ClCompile Include="11664.cpp">
      <Filter>소스 파일</Filter>
    </ClCompile>
    <ClCompile Include="11729.cpp">
      <Filter>소스 파일</Filter>
    </ClCompile>
    <ClCompile Include="12738.cpp">
      <Filter>소스 파일</Filter>
    </ClCompile>
    <ClCompile Include="12813.cpp">
      <Filter>소스 파일</Filter>
    </ClCompile>
    <ClCompile Include="13580.cpp">
      <Filter>소스 파일</Filter>
    </ClCompile>
    <ClCompile Include="14173.cpp">
      <Filter>소스 파일</Filter>
    </ClCompile>
    <ClCompile Include="14425.cpp">
      <Filter>소스 파일</Filter>
    </ClCompile>
    <ClCompile Include="14472.cpp">
      <Filter>소스 파일</Filter>
    </ClCompile>
    <ClCompile Include="14501.cpp">
      <Filter>소스 파일</Filter>
    </ClCompile>
    <ClCompile Include="14889.cpp">
      <Filter>소스 파일</Filter>
    </ClCompile>
    <ClCompile Include="15829.cpp">
      <Filter>소스 파일</Filter>
    </ClCompile>
    <ClCompile Include="18111.cpp">
      <Filter>소스 파일</Filter>
    </ClCompile>
    <ClCompile Include="20040.cpp">
      <Filter>소스 파일</Filter>
    </ClCompile>
    <ClCompile Include="23825.cpp">
      <Filter>소스 파일</Filter>
    </ClCompile>
    <ClCompile Include="23905.cpp">
      <Filter>소스 파일</Filter>
    </ClCompile>
    <ClCompile Include="24072.cpp">
      <Filter>소스 파일</Filter>
    </ClCompile>
    <ClCompile Include="24075.cpp">
      <Filter>소스 파일</Filter>
    </ClCompile>
    <ClCompile Include="24078.cpp">
      <Filter>소스 파일</Filter>
    </ClCompile>
    <ClCompile Include="24082.cpp">
      <Filter>소스 파일</Filter>
    </ClCompile>
    <ClCompile Include="24086.cpp">
      <Filter>소스 파일</Filter>
    </ClCompile>
    <ClCompile Include="24087.cpp">
      <Filter>소스 파일</Filter>
    </ClCompile>
    <ClCompile Include="24262.cpp">
      <Filter>소스 파일</Filter>
    </ClCompile>
    <ClCompile Include="소스.cpp">
      <Filter>소스 파일</Filter>
    </ClCompile>
    <ClCompile Include="24183.cpp">
      <Filter>소스 파일</Filter>
    </ClCompile>
    <ClCompile Include="24309.cpp">
      <Filter>소스 파일</Filter>
    </ClCompile>
    <ClCompile Include="1932.cpp">
      <Filter>소스 파일</Filter>
    </ClCompile>
    <ClCompile Include="1149.cpp">
      <Filter>소스 파일</Filter>
    </ClCompile>
    <ClCompile Include="1037.cpp">
      <Filter>소스 파일</Filter>
    </ClCompile>
    <ClCompile Include="5430.cpp">
      <Filter>소스 파일</Filter>
    </ClCompile>
    <ClCompile Include="7569.cpp">
      <Filter>소스 파일</Filter>
    </ClCompile>
    <ClCompile Include="1707.cpp">
      <Filter>소스 파일</Filter>
    </ClCompile>
    <ClCompile Include="7562.cpp">
      <Filter>소스 파일</Filter>
    </ClCompile>
    <ClCompile Include="11066.cpp">
      <Filter>소스 파일</Filter>
    </ClCompile>
    <ClCompile Include="1059.cpp">
      <Filter>소스 파일</Filter>
    </ClCompile>
    <ClCompile Include="5608.cpp">
      <Filter>소스 파일</Filter>
    </ClCompile>
    <ClCompile Include="5671.cpp">
      <Filter>소스 파일</Filter>
    </ClCompile>
    <ClCompile Include="5635.cpp">
      <Filter>소스 파일</Filter>
    </ClCompile>
    <ClCompile Include="5555.cpp">
      <Filter>소스 파일</Filter>
    </ClCompile>
    <ClCompile Include="2204.cpp">
      <Filter>소스 파일</Filter>
    </ClCompile>
    <ClCompile Include="1969.cpp">
      <Filter>소스 파일</Filter>
    </ClCompile>
    <ClCompile Include="21966.cpp">
      <Filter>소스 파일</Filter>
    </ClCompile>
    <ClCompile Include="24155.cpp">
      <Filter>소스 파일</Filter>
    </ClCompile>
    <ClCompile Include="5800.cpp">
      <Filter>소스 파일</Filter>
    </ClCompile>
    <ClCompile Include="4659.cpp">
      <Filter>소스 파일</Filter>
    </ClCompile>
    <ClCompile Include="1487.cpp">
      <Filter>소스 파일</Filter>
    </ClCompile>
    <ClCompile Include="1822.cpp">
      <Filter>소스 파일</Filter>
    </ClCompile>
    <ClCompile Include="1620.cpp">
      <Filter>소스 파일</Filter>
    </ClCompile>
    <ClCompile Include="4539.cpp">
      <Filter>소스 파일</Filter>
    </ClCompile>
    <ClCompile Include="11332.cpp">
      <Filter>소스 파일</Filter>
    </ClCompile>
    <ClCompile Include="4458.cpp">
      <Filter>소스 파일</Filter>
    </ClCompile>
    <ClCompile Include="15351.cpp">
      <Filter>소스 파일</Filter>
    </ClCompile>
    <ClCompile Include="17608.cpp">
      <Filter>소스 파일</Filter>
    </ClCompile>
    <ClCompile Include="10173.cpp">
      <Filter>소스 파일</Filter>
    </ClCompile>
    <ClCompile Include="1662.cpp">
      <Filter>소스 파일</Filter>
    </ClCompile>
    <ClCompile Include="3226.cpp">
      <Filter>소스 파일</Filter>
    </ClCompile>
    <ClCompile Include="10942.cpp">
      <Filter>소스 파일</Filter>
    </ClCompile>
    <ClCompile Include="11724.cpp">
      <Filter>소스 파일</Filter>
    </ClCompile>
    <ClCompile Include="1199.cpp">
      <Filter>소스 파일</Filter>
    </ClCompile>
    <ClCompile Include="1922.cpp">
      <Filter>소스 파일</Filter>
    </ClCompile>
    <ClCompile Include="1647.cpp">
      <Filter>소스 파일</Filter>
    </ClCompile>
    <ClCompile Include="1504.cpp">
      <Filter>소스 파일</Filter>
    </ClCompile>
    <ClCompile Include="1162.cpp">
      <Filter>소스 파일</Filter>
    </ClCompile>
    <ClCompile Include="1267.cpp">
      <Filter>소스 파일</Filter>
    </ClCompile>
    <ClCompile Include="10868.cpp">
      <Filter>소스 파일</Filter>
    </ClCompile>
    <ClCompile Include="10999.cpp">
      <Filter>소스 파일</Filter>
    </ClCompile>
  </ItemGroup>
</Project>